
Microsoft Visual Studio Solution File, Format Version 12.00
# Visual Studio 15
VisualStudioVersion = 15.0.28010.2041
MinimumVisualStudioVersion = 10.0.40219.1
Project("{9A19103F-16F7-4668-BE54-9A1E7A4F7556}") = "Order.API", "Order.API\Order.API.csproj", "{2AA45A5A-D145-4651-8346-A85969C61F85}"
EndProject
Project("{FAE04EC0-301F-11D3-BF4B-00C04F79EFBC}") = "Order.Domain", "Order.Domain\Order.Domain.csproj", "{30A1C727-E26A-483B-94CA-74E035E15089}"
EndProject
Project("{FAE04EC0-301F-11D3-BF4B-00C04F79EFBC}") = "Order.Services", "Order.Services\Order.Services.csproj", "{DCE98EDE-A3F2-4160-8D27-85ADE8A43552}"
EndProject
Project("{FAE04EC0-301F-11D3-BF4B-00C04F79EFBC}") = "Order.Database", "Order.Database\Order.Database.csproj", "{CC947BE9-4969-45CB-884C-9EBA6DA6F53A}"
EndProject
Project("{2150E333-8FDC-42A3-9474-1A3956D46DE8}") = "Tests", "Tests", "{4C8F6D36-7027-4B3E-8530-D148F7C485BC}"
EndProject
Project("{FAE04EC0-301F-11D3-BF4B-00C04F79EFBC}") = "Order.API.Tests", "Order.API.Tests\Order.API.Tests.csproj", "{18E2653F-2B46-4112-B6CA-26A6CA141C80}"
EndProject
Project("{FAE04EC0-301F-11D3-BF4B-00C04F79EFBC}") = "Order.Services.Tests", "Order.Service.Tests\Order.Services.Tests.csproj", "{A08A30D2-8A2D-4E22-ADED-F29617CF2491}"
EndProject
Global
	GlobalSection(SolutionConfigurationPlatforms) = preSolution
		Debug|Any CPU = Debug|Any CPU
		Release|Any CPU = Release|Any CPU
	EndGlobalSection
	GlobalSection(ProjectConfigurationPlatforms) = postSolution
		{2AA45A5A-D145-4651-8346-A85969C61F85}.Debug|Any CPU.ActiveCfg = Debug|Any CPU
		{2AA45A5A-D145-4651-8346-A85969C61F85}.Debug|Any CPU.Build.0 = Debug|Any CPU
		{2AA45A5A-D145-4651-8346-A85969C61F85}.Release|Any CPU.ActiveCfg = Release|Any CPU
		{2AA45A5A-D145-4651-8346-A85969C61F85}.Release|Any CPU.Build.0 = Release|Any CPU
		{30A1C727-E26A-483B-94CA-74E035E15089}.Debug|Any CPU.ActiveCfg = Debug|Any CPU
		{30A1C727-E26A-483B-94CA-74E035E15089}.Debug|Any CPU.Build.0 = Debug|Any CPU
		{30A1C727-E26A-483B-94CA-74E035E15089}.Release|Any CPU.ActiveCfg = Release|Any CPU
		{30A1C727-E26A-483B-94CA-74E035E15089}.Release|Any CPU.Build.0 = Release|Any CPU
		{DCE98EDE-A3F2-4160-8D27-85ADE8A43552}.Debug|Any CPU.ActiveCfg = Debug|Any CPU
		{DCE98EDE-A3F2-4160-8D27-85ADE8A43552}.Debug|Any CPU.Build.0 = Debug|Any CPU
		{DCE98EDE-A3F2-4160-8D27-85ADE8A43552}.Release|Any CPU.ActiveCfg = Release|Any CPU
		{DCE98EDE-A3F2-4160-8D27-85ADE8A43552}.Release|Any CPU.Build.0 = Release|Any CPU
		{CC947BE9-4969-45CB-884C-9EBA6DA6F53A}.Debug|Any CPU.ActiveCfg = Debug|Any CPU
		{CC947BE9-4969-45CB-884C-9EBA6DA6F53A}.Debug|Any CPU.Build.0 = Debug|Any CPU
		{CC947BE9-4969-45CB-884C-9EBA6DA6F53A}.Release|Any CPU.ActiveCfg = Release|Any CPU
		{CC947BE9-4969-45CB-884C-9EBA6DA6F53A}.Release|Any CPU.Build.0 = Release|Any CPU
		{18E2653F-2B46-4112-B6CA-26A6CA141C80}.Debug|Any CPU.ActiveCfg = Debug|Any CPU
		{18E2653F-2B46-4112-B6CA-26A6CA141C80}.Debug|Any CPU.Build.0 = Debug|Any CPU
		{18E2653F-2B46-4112-B6CA-26A6CA141C80}.Release|Any CPU.ActiveCfg = Release|Any CPU
		{18E2653F-2B46-4112-B6CA-26A6CA141C80}.Release|Any CPU.Build.0 = Release|Any CPU
		{A08A30D2-8A2D-4E22-ADED-F29617CF2491}.Debug|Any CPU.ActiveCfg = Debug|Any CPU
		{A08A30D2-8A2D-4E22-ADED-F29617CF2491}.Debug|Any CPU.Build.0 = Debug|Any CPU
		{A08A30D2-8A2D-4E22-ADED-F29617CF2491}.Release|Any CPU.ActiveCfg = Release|Any CPU
		{A08A30D2-8A2D-4E22-ADED-F29617CF2491}.Release|Any CPU.Build.0 = Release|Any CPU
	EndGlobalSection
	GlobalSection(SolutionProperties) = preSolution
		HideSolutionNode = FALSE
	EndGlobalSection
	GlobalSection(NestedProjects) = preSolution
		{18E2653F-2B46-4112-B6CA-26A6CA141C80} = {4C8F6D36-7027-4B3E-8530-D148F7C485BC}
		{A08A30D2-8A2D-4E22-ADED-F29617CF2491} = {4C8F6D36-7027-4B3E-8530-D148F7C485BC}
	EndGlobalSection
	GlobalSection(ExtensibilityGlobals) = postSolution
		SolutionGuid = {8A992D45-562C-4B85-8E45-485E7D8A3AE4}
	EndGlobalSection
EndGlobal
